{
  "name": "ant-mini-program-demo",
  "version": "1.0.0",
  "lockfileVersion": 2,
  "requires": true,
  "packages": {
    "": {
      "name": "ant-mini-program-demo",
      "version": "1.0.0",
      "license": "ISC",
      "dependencies": {
        "chance": "^1.1.7",
        "mini-antui": "^0.4.2"
      }
    },
    "node_modules/chance": {
      "version": "1.1.7",
      "resolved": "https://registry.npm.taobao.org/chance/download/chance-1.1.7.tgz",
      "integrity": "sha1-6Z3eWsFmga94e1upTIJ3wJDWz+g="
    },
    "node_modules/mini-antui": {
      "version": "0.4.35",
      "resolved": "https://registry.npm.taobao.org/mini-antui/download/mini-antui-0.4.35.tgz",
      "integrity": "sha1-4y2N8cZKxVj4Rx2y5GBzsg3k3Sw="
    }
  },
  "dependencies": {
    "chance": {
      "version": "1.1.7",
      "resolved": "https://registry.npm.taobao.org/chance/download/chance-1.1.7.tgz",
      "integrity": "sha1-6Z3eWsFmga94e1upTIJ3wJDWz+g="
    },
    "mini-antui": {
      "version": "0.4.35",
      "resolved": "https://registry.npm.taobao.org/mini-antui/download/mini-antui-0.4.35.tgz",
      "integrity": "sha1-4y2N8cZKxVj4Rx2y5GBzsg3k3Sw="
    }
  }
}
