# THIS IS AN AUTOGENERATED FILE. DO NOT EDIT THIS FILE DIRECTLY.
# yarn lockfile v1


chance@^1.1.7:
  version "1.1.8"
  resolved "https://registry.yarnpkg.com/chance/-/chance-1.1.8.tgz#5d6c2b78c9170bf6eb9df7acdda04363085be909"
  integrity sha512-v7fi5Hj2VbR6dJEGRWLmJBA83LJMS47pkAbmROFxHWd9qmE1esHRZW8Clf1Fhzr3rjxnNZVCjOEv/ivFxeIMtg==

mini-antui@^0.4.2:
  version "0.4.35"
  resolved "https://registry.yarnpkg.com/mini-antui/-/mini-antui-0.4.35.tgz#e32d8df1c64ac558f8471db2e46073b20de4dd2c"
  integrity sha512-thLRUH418UN0rps+Dnt+iz1W4Ac/v8ZMscH6mgQmhkvvPd1q6vNFRXL2kIfemm9F6bG+WN2Lpik2qB0qqqieew==
